
Microsoft Visual Studio Solution File, Format Version 12.00
# Visual Studio Version 17
VisualStudioVersion = 17.5.002.0
MinimumVisualStudioVersion = 10.0.40219.1
Project("{9A19103F-16F7-4668-BE54-9A1E7A4F7556}") = "PizzaStore", "PizzaStore\PizzaStore.csproj", "{059BEBCC-2DE8-4AED-A613-FD06C5365D0D}"
EndProject
Global
	GlobalSection(SolutionConfigurationPlatforms) = preSolution
		Debug|Any CPU = Debug|Any CPU
		Release|Any CPU = Release|Any CPU
	EndGlobalSection
	GlobalSection(ProjectConfigurationPlatforms) = postSolution
		{059BEBCC-2DE8-4AED-A613-FD06C5365D0D}.Debug|Any CPU.ActiveCfg = Debug|Any CPU
		{059BEBCC-2DE8-4AED-A613-FD06C5365D0D}.Debug|Any CPU.Build.0 = Debug|Any CPU
		{059BEBCC-2DE8-4AED-A613-FD06C5365D0D}.Release|Any CPU.ActiveCfg = Release|Any CPU
		{059BEBCC-2DE8-4AED-A613-FD06C5365D0D}.Release|Any CPU.Build.0 = Release|Any CPU
	EndGlobalSection
	GlobalSection(SolutionProperties) = preSolution
		HideSolutionNode = FALSE
	EndGlobalSection
	GlobalSection(ExtensibilityGlobals) = postSolution
		SolutionGuid = {84BD6E76-3699-4634-ACB8-2F8F0BC9C774}
	EndGlobalSection
EndGlobal
